// !$*UTF8*$!
{
	archiveVersion = 1;
	classes = {
	};
	objectVersion = 50;
	objects = {

/* Begin PBXBuildFile section */
		C4197C17265F4FCA00116744 /* FruitCardView.swift in Sources */ = {isa = PBXBuildFile; fileRef = C4197C16265F4FCA00116744 /* FruitCardView.swift */; };
		C41B9459265F48CF004F86FF /* FructusApp.swift in Sources */ = {isa = PBXBuildFile; fileRef = C41B9458265F48CF004F86FF /* FructusApp.swift */; };
		C41B945B265F48CF004F86FF /* ContentView.swift in Sources */ = {isa = PBXBuildFile; fileRef = C41B945A265F48CF004F86FF /* ContentView.swift */; };
		C41B945D265F48D4004F86FF /* Assets.xcassets in Resources */ = {isa = PBXBuildFile; fileRef = C41B945C265F48D4004F86FF /* Assets.xcassets */; };
		C41B9460265F48D4004F86FF /* Preview Assets.xcassets in Resources */ = {isa = PBXBuildFile; fileRef = C41B945F265F48D4004F86FF /* Preview Assets.xcassets */; };
		C42BD23C265F6AC900B3A2C0 /* FruitModel.swift in Sources */ = {isa = PBXBuildFile; fileRef = C42BD23B265F6AC900B3A2C0 /* FruitModel.swift */; };
		C42BD241265F73A400B3A2C0 /* FruitData.swift in Sources */ = {isa = PBXBuildFile; fileRef = C42BD240265F73A400B3A2C0 /* FruitData.swift */; };
		C42BD245265F99FC00B3A2C0 /* FruitRowView.swift in Sources */ = {isa = PBXBuildFile; fileRef = C42BD244265F99FC00B3A2C0 /* FruitRowView.swift */; };
		C42BD248265F9EF900B3A2C0 /* FruitDetailView.swift in Sources */ = {isa = PBXBuildFile; fileRef = C42BD247265F9EF900B3A2C0 /* FruitDetailView.swift */; };
		C42BD24B265FA59200B3A2C0 /* FruitHeaderView.swift in Sources */ = {isa = PBXBuildFile; fileRef = C42BD24A265FA59200B3A2C0 /* FruitHeaderView.swift */; };
		C42BD24E265FACF000B3A2C0 /* SourceLinkView.swift in Sources */ = {isa = PBXBuildFile; fileRef = C42BD24D265FACF000B3A2C0 /* SourceLinkView.swift */; };
		C42BD251265FB00F00B3A2C0 /* FruitNutrientsView.swift in Sources */ = {isa = PBXBuildFile; fileRef = C42BD250265FB00F00B3A2C0 /* FruitNutrientsView.swift */; };
		C43C2658265F5AA200CB890F /* StartButtonView.swift in Sources */ = {isa = PBXBuildFile; fileRef = C43C2657265F5AA200CB890F /* StartButtonView.swift */; };
		C43C265B265F65B400CB890F /* OnboardingView.swift in Sources */ = {isa = PBXBuildFile; fileRef = C43C265A265F65B400CB890F /* OnboardingView.swift */; };
/* End PBXBuildFile section */

/* Begin PBXFileReference section */
		C4197C16265F4FCA00116744 /* FruitCardView.swift */ = {isa = PBXFileReference; lastKnownFileType = sourcecode.swift; path = FruitCardView.swift; sourceTree = "<group>"; };
		C41B9455265F48CF004F86FF /* Fructus.app */ = {isa = PBXFileReference; explicitFileType = wrapper.application; includeInIndex = 0; path = Fructus.app; sourceTree = BUILT_PRODUCTS_DIR; };
		C41B9458265F48CF004F86FF /* FructusApp.swift */ = {isa = PBXFileReference; lastKnownFileType = sourcecode.swift; path = FructusApp.swift; sourceTree = "<group>"; };
		C41B945A265F48CF004F86FF /* ContentView.swift */ = {isa = PBXFileReference; lastKnownFileType = sourcecode.swift; path = ContentView.swift; sourceTree = "<group>"; };
		C41B945C265F48D4004F86FF /* Assets.xcassets */ = {isa = PBXFileReference; lastKnownFileType = folder.assetcatalog; path = Assets.xcassets; sourceTree = "<group>"; };
		C41B945F265F48D4004F86FF /* Preview Assets.xcassets */ = {isa = PBXFileReference; lastKnownFileType = folder.assetcatalog; path = "Preview Assets.xcassets"; sourceTree = "<group>"; };
		C41B9461265F48D4004F86FF /* Info.plist */ = {isa = PBXFileReference; lastKnownFileType = text.plist.xml; path = Info.plist; sourceTree = "<group>"; };
		C42BD23B265F6AC900B3A2C0 /* FruitModel.swift */ = {isa = PBXFileReference; lastKnownFileType = sourcecode.swift; path = FruitModel.swift; sourceTree = "<group>"; };
		C42BD240265F73A400B3A2C0 /* FruitData.swift */ = {isa = PBXFileReference; lastKnownFileType = sourcecode.swift; path = FruitData.swift; sourceTree = "<group>"; };
		C42BD244265F99FC00B3A2C0 /* FruitRowView.swift */ = {isa = PBXFileReference; lastKnownFileType = sourcecode.swift; path = FruitRowView.swift; sourceTree = "<group>"; };
		C42BD247265F9EF900B3A2C0 /* FruitDetailView.swift */ = {isa = PBXFileReference; lastKnownFileType = sourcecode.swift; path = FruitDetailView.swift; sourceTree = "<group>"; };
		C42BD24A265FA59200B3A2C0 /* FruitHeaderView.swift */ = {isa = PBXFileReference; lastKnownFileType = sourcecode.swift; path = FruitHeaderView.swift; sourceTree = "<group>"; };
		C42BD24D265FACF000B3A2C0 /* SourceLinkView.swift */ = {isa = PBXFileReference; lastKnownFileType = sourcecode.swift; path = SourceLinkView.swift; sourceTree = "<group>"; };
		C42BD250265FB00F00B3A2C0 /* FruitNutrientsView.swift */ = {isa = PBXFileReference; lastKnownFileType = sourcecode.swift; path = FruitNutrientsView.swift; sourceTree = "<group>"; };
		C43C2657265F5AA200CB890F /* StartButtonView.swift */ = {isa = PBXFileReference; lastKnownFileType = sourcecode.swift; path = StartButtonView.swift; sourceTree = "<group>"; };
		C43C265A265F65B400CB890F /* OnboardingView.swift */ = {isa = PBXFileReference; lastKnownFileType = sourcecode.swift; path = OnboardingView.swift; sourceTree = "<group>"; };
/* End PBXFileReference section */

/* Begin PBXFrameworksBuildPhase section */
		C41B9452265F48CF004F86FF /* Frameworks */ = {
			isa = PBXFrameworksBuildPhase;
			buildActionMask = 2147483647;
			files = (
			);
			runOnlyForDeploymentPostprocessing = 0;
		};
/* End PBXFrameworksBuildPhase section */

/* Begin PBXGroup section */
		C4197C13265F4F7300116744 /* App */ = {
			isa = PBXGroup;
			children = (
				C41B9458265F48CF004F86FF /* FructusApp.swift */,
				C41B945A265F48CF004F86FF /* ContentView.swift */,
				C43C265A265F65B400CB890F /* OnboardingView.swift */,
				C42BD247265F9EF900B3A2C0 /* FruitDetailView.swift */,
			);
			path = App;
			sourceTree = "<group>";
		};
		C4197C15265F4F9D00116744 /* View */ = {
			isa = PBXGroup;
			children = (
				C4197C16265F4FCA00116744 /* FruitCardView.swift */,
				C43C2657265F5AA200CB890F /* StartButtonView.swift */,
				C42BD244265F99FC00B3A2C0 /* FruitRowView.swift */,
				C42BD24A265FA59200B3A2C0 /* FruitHeaderView.swift */,
				C42BD24D265FACF000B3A2C0 /* SourceLinkView.swift */,
				C42BD250265FB00F00B3A2C0 /* FruitNutrientsView.swift */,
			);
			path = View;
			sourceTree = "<group>";
		};
		C41B944C265F48CF004F86FF = {
			isa = PBXGroup;
			children = (
				C41B9457265F48CF004F86FF /* Fructus */,
				C41B9456265F48CF004F86FF /* Products */,
			);
			sourceTree = "<group>";
		};
		C41B9456265F48CF004F86FF /* Products */ = {
			isa = PBXGroup;
			children = (
				C41B9455265F48CF004F86FF /* Fructus.app */,
			);
			name = Products;
			sourceTree = "<group>";
		};
		C41B9457265F48CF004F86FF /* Fructus */ = {
			isa = PBXGroup;
			children = (
				C4197C13265F4F7300116744 /* App */,
				C4197C15265F4F9D00116744 /* View */,
				C42BD23F265F739800B3A2C0 /* Data */,
				C42BD23A265F69F100B3A2C0 /* Model */,
				C41B945C265F48D4004F86FF /* Assets.xcassets */,
				C41B9461265F48D4004F86FF /* Info.plist */,
				C41B945E265F48D4004F86FF /* Preview Content */,
			);
			path = Fructus;
			sourceTree = "<group>";
		};
		C41B945E265F48D4004F86FF /* Preview Content */ = {
			isa = PBXGroup;
			children = (
				C41B945F265F48D4004F86FF /* Preview Assets.xcassets */,
			);
			path = "Preview Content";
			sourceTree = "<group>";
		};
		C42BD23A265F69F100B3A2C0 /* Model */ = {
			isa = PBXGroup;
			children = (
				C42BD23B265F6AC900B3A2C0 /* FruitModel.swift */,
			);
			path = Model;
			sourceTree = "<group>";
		};
		C42BD23F265F739800B3A2C0 /* Data */ = {
			isa = PBXGroup;
			children = (
				C42BD240265F73A400B3A2C0 /* FruitData.swift */,
			);
			path = Data;
			sourceTree = "<group>";
		};
/* End PBXGroup section */

/* Begin PBXNativeTarget section */
		C41B9454265F48CF004F86FF /* Fructus */ = {
			isa = PBXNativeTarget;
			buildConfigurationList = C41B9464265F48D4004F86FF /* Build configuration list for PBXNativeTarget "Fructus" */;
			buildPhases = (
				C41B9451265F48CF004F86FF /* Sources */,
				C41B9452265F48CF004F86FF /* Frameworks */,
				C41B9453265F48CF004F86FF /* Resources */,
			);
			buildRules = (
			);
			dependencies = (
			);
			name = Fructus;
			productName = Fructus;
			productReference = C41B9455265F48CF004F86FF /* Fructus.app */;
			productType = "com.apple.product-type.application";
		};
/* End PBXNativeTarget section */

/* Begin PBXProject section */
		C41B944D265F48CF004F86FF /* Project object */ = {
			isa = PBXProject;
			attributes = {
				LastSwiftUpdateCheck = 1240;
				LastUpgradeCheck = 1240;
				TargetAttributes = {
					C41B9454265F48CF004F86FF = {
						CreatedOnToolsVersion = 12.4;
					};
				};
			};
			buildConfigurationList = C41B9450265F48CF004F86FF /* Build configuration list for PBXProject "Fructus" */;
			compatibilityVersion = "Xcode 9.3";
			developmentRegion = en;
			hasScannedForEncodings = 0;
			knownRegions = (
				en,
				Base,
			);
			mainGroup = C41B944C265F48CF004F86FF;
			productRefGroup = C41B9456265F48CF004F86FF /* Products */;
			projectDirPath = "";
			projectRoot = "";
			targets = (
				C41B9454265F48CF004F86FF /* Fructus */,
			);
		};
/* End PBXProject section */

/* Begin PBXResourcesBuildPhase section */
		C41B9453265F48CF004F86FF /* Resources */ = {
			isa = PBXResourcesBuildPhase;
			buildActionMask = 2147483647;
			files = (
				C41B9460265F48D4004F86FF /* Preview Assets.xcassets in Resources */,
				C41B945D265F48D4004F86FF /* Assets.xcassets in Resources */,
			);
			runOnlyForDeploymentPostprocessing = 0;
		};
/* End PBXResourcesBuildPhase section */

/* Begin PBXSourcesBuildPhase section */
		C41B9451265F48CF004F86FF /* Sources */ = {
			isa = PBXSourcesBuildPhase;
			buildActionMask = 2147483647;
			files = (
				C42BD241265F73A400B3A2C0 /* FruitData.swift in Sources */,
				C42BD24E265FACF000B3A2C0 /* SourceLinkView.swift in Sources */,
				C4197C17265F4FCA00116744 /* FruitCardView.swift in Sources */,
				C42BD245265F99FC00B3A2C0 /* FruitRowView.swift in Sources */,
				C42BD251265FB00F00B3A2C0 /* FruitNutrientsView.swift in Sources */,
				C43C2658265F5AA200CB890F /* StartButtonView.swift in Sources */,
				C42BD248265F9EF900B3A2C0 /* FruitDetailView.swift in Sources */,
				C41B945B265F48CF004F86FF /* ContentView.swift in Sources */,
				C42BD24B265FA59200B3A2C0 /* FruitHeaderView.swift in Sources */,
				C43C265B265F65B400CB890F /* OnboardingView.swift in Sources */,
				C42BD23C265F6AC900B3A2C0 /* FruitModel.swift in Sources */,
				C41B9459265F48CF004F86FF /* FructusApp.swift in Sources */,
			);
			runOnlyForDeploymentPostprocessing = 0;
		};
/* End PBXSourcesBuildPhase section */

/* Begin XCBuildConfiguration section */
		C41B9462265F48D4004F86FF /* Debug */ = {
			isa = XCBuildConfiguration;
			buildSettings = {
				ALWAYS_SEARCH_USER_PATHS = NO;
				CLANG_ANALYZER_NONNULL = YES;
				CLANG_ANALYZER_NUMBER_OBJECT_CONVERSION = YES_AGGRESSIVE;
				CLANG_CXX_LANGUAGE_STANDARD = "gnu++14";
				CLANG_CXX_LIBRARY = "libc++";
				CLANG_ENABLE_MODULES = YES;
				CLANG_ENABLE_OBJC_ARC = YES;
				CLANG_ENABLE_OBJC_WEAK = YES;
				CLANG_WARN_BLOCK_CAPTURE_AUTORELEASING = YES;
				CLANG_WARN_BOOL_CONVERSION = YES;
				CLANG_WARN_COMMA = YES;
				CLANG_WARN_CONSTANT_CONVERSION = YES;
				CLANG_WARN_DEPRECATED_OBJC_IMPLEMENTATIONS = YES;
				CLANG_WARN_DIRECT_OBJC_ISA_USAGE = YES_ERROR;
				CLANG_WARN_DOCUMENTATION_COMMENTS = YES;
				CLANG_WARN_EMPTY_BODY = YES;
				CLANG_WARN_ENUM_CONVERSION = YES;
				CLANG_WARN_INFINITE_RECURSION = YES;
				CLANG_WARN_INT_CONVERSION = YES;
				CLANG_WARN_NON_LITERAL_NULL_CONVERSION = YES;
				CLANG_WARN_OBJC_IMPLICIT_RETAIN_SELF = YES;
				CLANG_WARN_OBJC_LITERAL_CONVERSION = YES;
				CLANG_WARN_OBJC_ROOT_CLASS = YES_ERROR;
				CLANG_WARN_QUOTED_INCLUDE_IN_FRAMEWORK_HEADER = YES;
				CLANG_WARN_RANGE_LOOP_ANALYSIS = YES;
				CLANG_WARN_STRICT_PROTOTYPES = YES;
				CLANG_WARN_SUSPICIOUS_MOVE = YES;
				CLANG_WARN_UNGUARDED_AVAILABILITY = YES_AGGRESSIVE;
				CLANG_WARN_UNREACHABLE_CODE = YES;
				CLANG_WARN__DUPLICATE_METHOD_MATCH = YES;
				COPY_PHASE_STRIP = NO;
				DEBUG_INFORMATION_FORMAT = dwarf;
				ENABLE_STRICT_OBJC_MSGSEND = YES;
				ENABLE_TESTABILITY = YES;
				GCC_C_LANGUAGE_STANDARD = gnu11;
				GCC_DYNAMIC_NO_PIC = NO;
				GCC_NO_COMMON_BLOCKS = YES;
				GCC_OPTIMIZATION_LEVEL = 0;
				GCC_PREPROCESSOR_DEFINITIONS = (
					"DEBUG=1",
					"$(inherited)",
				);
				GCC_WARN_64_TO_32_BIT_CONVERSION = YES;
				GCC_WARN_ABOUT_RETURN_TYPE = YES_ERROR;
				GCC_WARN_UNDECLARED_SELECTOR = YES;
				GCC_WARN_UNINITIALIZED_AUTOS = YES_AGGRESSIVE;
				GCC_WARN_UNUSED_FUNCTION = YES;
				GCC_WARN_UNUSED_VARIABLE = YES;
				IPHONEOS_DEPLOYMENT_TARGET = 14.4;
				MTL_ENABLE_DEBUG_INFO = INCLUDE_SOURCE;
				MTL_FAST_MATH = YES;
				ONLY_ACTIVE_ARCH = YES;
				SDKROOT = iphoneos;
				SWIFT_ACTIVE_COMPILATION_CONDITIONS = DEBUG;
				SWIFT_OPTIMIZATION_LEVEL = "-Onone";
			};
			name = Debug;
		};
		C41B9463265F48D4004F86FF /* Release */ = {
			isa = XCBuildConfiguration;
			buildSettings = {
				ALWAYS_SEARCH_USER_PATHS = NO;
				CLANG_ANALYZER_NONNULL = YES;
				CLANG_ANALYZER_NUMBER_OBJECT_CONVERSION = YES_AGGRESSIVE;
				CLANG_CXX_LANGUAGE_STANDARD = "gnu++14";
				CLANG_CXX_LIBRARY = "libc++";
				CLANG_ENABLE_MODULES = YES;
				CLANG_ENABLE_OBJC_ARC = YES;
				CLANG_ENABLE_OBJC_WEAK = YES;
				CLANG_WARN_BLOCK_CAPTURE_AUTORELEASING = YES;
				CLANG_WARN_BOOL_CONVERSION = YES;
				CLANG_WARN_COMMA = YES;
				CLANG_WARN_CONSTANT_CONVERSION = YES;
				CLANG_WARN_DEPRECATED_OBJC_IMPLEMENTATIONS = YES;
				CLANG_WARN_DIRECT_OBJC_ISA_USAGE = YES_ERROR;
				CLANG_WARN_DOCUMENTATION_COMMENTS = YES;
				CLANG_WARN_EMPTY_BODY = YES;
				CLANG_WARN_ENUM_CONVERSION = YES;
				CLANG_WARN_INFINITE_RECURSION = YES;
				CLANG_WARN_INT_CONVERSION = YES;
				CLANG_WARN_NON_LITERAL_NULL_CONVERSION = YES;
				CLANG_WARN_OBJC_IMPLICIT_RETAIN_SELF = YES;
				CLANG_WARN_OBJC_LITERAL_CONVERSION = YES;
				CLANG_WARN_OBJC_ROOT_CLASS = YES_ERROR;
				CLANG_WARN_QUOTED_INCLUDE_IN_FRAMEWORK_HEADER = YES;
				CLANG_WARN_RANGE_LOOP_ANALYSIS = YES;
				CLANG_WARN_STRICT_PROTOTYPES = YES;
				CLANG_WARN_SUSPICIOUS_MOVE = YES;
				CLANG_WARN_UNGUARDED_AVAILABILITY = YES_AGGRESSIVE;
				CLANG_WARN_UNREACHABLE_CODE = YES;
				CLANG_WARN__DUPLICATE_METHOD_MATCH = YES;
				COPY_PHASE_STRIP = NO;
				DEBUG_INFORMATION_FORMAT = "dwarf-with-dsym";
				ENABLE_NS_ASSERTIONS = NO;
				ENABLE_STRICT_OBJC_MSGSEND = YES;
				GCC_C_LANGUAGE_STANDARD = gnu11;
				GCC_NO_COMMON_BLOCKS = YES;
				GCC_WARN_64_TO_32_BIT_CONVERSION = YES;
				GCC_WARN_ABOUT_RETURN_TYPE = YES_ERROR;
				GCC_WARN_UNDECLARED_SELECTOR = YES;
				GCC_WARN_UNINITIALIZED_AUTOS = YES_AGGRESSIVE;
				GCC_WARN_UNUSED_FUNCTION = YES;
				GCC_WARN_UNUSED_VARIABLE = YES;
				IPHONEOS_DEPLOYMENT_TARGET = 14.4;
				MTL_ENABLE_DEBUG_INFO = NO;
				MTL_FAST_MATH = YES;
				SDKROOT = iphoneos;
				SWIFT_COMPILATION_MODE = wholemodule;
				SWIFT_OPTIMIZATION_LEVEL = "-O";
				VALIDATE_PRODUCT = YES;
			};
			name = Release;
		};
		C41B9465265F48D4004F86FF /* Debug */ = {
			isa = XCBuildConfiguration;
			buildSettings = {
				ASSETCATALOG_COMPILER_APPICON_NAME = AppIcon;
				ASSETCATALOG_COMPILER_GLOBAL_ACCENT_COLOR_NAME = AccentColor;
				CODE_SIGN_STYLE = Automatic;
				DEVELOPMENT_ASSET_PATHS = "\"Fructus/Preview Content\"";
				DEVELOPMENT_TEAM = ULD7V9KAD3;
				ENABLE_PREVIEWS = YES;
				INFOPLIST_FILE = Fructus/Info.plist;
				IPHONEOS_DEPLOYMENT_TARGET = 14.0;
				LD_RUNPATH_SEARCH_PATHS = (
					"$(inherited)",
					"@executable_path/Frameworks",
				);
				PRODUCT_BUNDLE_IDENTIFIER = com.myrondulay.Fructus;
				PRODUCT_NAME = "$(TARGET_NAME)";
				SWIFT_VERSION = 5.0;
				TARGETED_DEVICE_FAMILY = "1,2";
			};
			name = Debug;
		};
		C41B9466265F48D4004F86FF /* Release */ = {
			isa = XCBuildConfiguration;
			buildSettings = {
				ASSETCATALOG_COMPILER_APPICON_NAME = AppIcon;
				ASSETCATALOG_COMPILER_GLOBAL_ACCENT_COLOR_NAME = AccentColor;
				CODE_SIGN_STYLE = Automatic;
				DEVELOPMENT_ASSET_PATHS = "\"Fructus/Preview Content\"";
				DEVELOPMENT_TEAM = ULD7V9KAD3;
				ENABLE_PREVIEWS = YES;
				INFOPLIST_FILE = Fructus/Info.plist;
				IPHONEOS_DEPLOYMENT_TARGET = 14.0;
				LD_RUNPATH_SEARCH_PATHS = (
					"$(inherited)",
					"@executable_path/Frameworks",
				);
				PRODUCT_BUNDLE_IDENTIFIER = com.myrondulay.Fructus;
				PRODUCT_NAME = "$(TARGET_NAME)";
				SWIFT_VERSION = 5.0;
				TARGETED_DEVICE_FAMILY = "1,2";
			};
			name = Release;
		};
/* End XCBuildConfiguration section */

/* Begin XCConfigurationList section */
		C41B9450265F48CF004F86FF /* Build configuration list for PBXProject "Fructus" */ = {
			isa = XCConfigurationList;
			buildConfigurations = (
				C41B9462265F48D4004F86FF /* Debug */,
				C41B9463265F48D4004F86FF /* Release */,
			);
			defaultConfigurationIsVisible = 0;
			defaultConfigurationName = Release;
		};
		C41B9464265F48D4004F86FF /* Build configuration list for PBXNativeTarget "Fructus" */ = {
			isa = XCConfigurationList;
			buildConfigurations = (
				C41B9465265F48D4004F86FF /* Debug */,
				C41B9466265F48D4004F86FF /* Release */,
			);
			defaultConfigurationIsVisible = 0;
			defaultConfigurationName = Release;
		};
/* End XCConfigurationList section */
	};
	rootObject = C41B944D265F48CF004F86FF /* Project object */;
}
